// !$*UTF8*$!
{
	archiveVersion = 1;
	classes = {
	};
	objectVersion = 56;
	objects = {

/* Begin PBXFileReference section */
		FF14AA5C2C0F578C00760131 /* main.swift */ = {isa = PBXFileReference; lastKnownFileType = sourcecode.swift; path = main.swift; sourceTree = "<group>"; };
/* End PBXFileReference section */

/* Begin PBXGroup section */
		FF14AA552C0F576A00760131 = {
			isa = PBXGroup;
			children = (
				FF14AA5C2C0F578C00760131 /* main.swift */,
			);
			sourceTree = "<group>";
		};
/* End PBXGroup section */

/* Begin PBXProject section */
		FF14AA562C0F576A00760131 /* Project object */ = {
			isa = PBXProject;
			attributes = {
				BuildIndependentTargetsInParallel = 1;
				LastUpgradeCheck = 1540;
			};
			buildConfigurationList = FF14AA592C0F576A00760131 /* Build configuration list for PBXProject "OptionalsDemo" */;
			compatibilityVersion = "Xcode 14.0";
			developmentRegion = en;
			hasScannedForEncodings = 0;
			knownRegions = (
				en,
				Base,
			);
			mainGroup = FF14AA552C0F576A00760131;
			projectDirPath = "";
			projectRoot = "";
			targets = (
			);
		};
/* End PBXProject section */

/* Begin XCBuildConfiguration section */
		FF14AA5A2C0F576A00760131 /* Debug */ = {
			isa = XCBuildConfiguration;
			buildSettings = {
			};
			name = Debug;
		};
		FF14AA5B2C0F576A00760131 /* Release */ = {
			isa = XCBuildConfiguration;
			buildSettings = {
			};
			name = Release;
		};
/* End XCBuildConfiguration section */

/* Begin XCConfigurationList section */
		FF14AA592C0F576A00760131 /* Build configuration list for PBXProject "OptionalsDemo" */ = {
			isa = XCConfigurationList;
			buildConfigurations = (
				FF14AA5A2C0F576A00760131 /* Debug */,
				FF14AA5B2C0F576A00760131 /* Release */,
			);
			defaultConfigurationIsVisible = 0;
			defaultConfigurationName = Release;
		};
/* End XCConfigurationList section */
	};
	rootObject = FF14AA562C0F576A00760131 /* Project object */;
}
